Microsoft Visual Studio Solution File, Format Version 12.00
# Visual Studio Version 17
VisualStudioVersion = 17.13.35825.156
MinimumVisualStudioVersion = 10.0.40219.1
Project("{FAE04EC0-301F-11D3-BF4B-00C04F79EFBC}") = "Pronia", "Pronia\Pronia.csproj", "{35FBA68B-F31D-4E47-9470-7A51920FD128}"
EndProject
Global
	GlobalSection(SolutionConfigurationPlatforms) = preSolution
		Debug|Any CPU = Debug|Any CPU
		Release|Any CPU = Release|Any CPU
	EndGlobalSection
	GlobalSection(ProjectConfigurationPlatforms) = postSolution
		{35FBA68B-F31D-4E47-9470-7A51920FD128}.Debug|Any CPU.ActiveCfg = Debug|Any CPU
		{35FBA68B-F31D-4E47-9470-7A51920FD128}.Debug|Any CPU.Build.0 = Debug|Any CPU
		{35FBA68B-F31D-4E47-9470-7A51920FD128}.Release|Any CPU.ActiveCfg = Release|Any CPU
		{35FBA68B-F31D-4E47-9470-7A51920FD128}.Release|Any CPU.Build.0 = Release|Any CPU
	EndGlobalSection
	GlobalSection(SolutionProperties) = preSolution
		HideSolutionNode = FALSE
	EndGlobalSection
	GlobalSection(ExtensibilityGlobals) = postSolution
		SolutionGuid = {EEDADA6A-AE10-408D-B0A3-21B7D8D60E24}
	EndGlobalSection
EndGlobal
